
Microsoft Visual Studio Solution File, Format Version 12.00
# Visual Studio Version 17
VisualStudioVersion = 17.3.32901.215
MinimumVisualStudioVersion = 10.0.40219.1
Project("{FAE04EC0-301F-11D3-BF4B-00C04F79EFBC}") = "DeplaceTo", "DeplaceTo\DeplaceTo.csproj", "{AFA183C7-61C2-4DBA-9955-1360645F1D06}"
EndProject
Global
	GlobalSection(SolutionConfigurationPlatforms) = preSolution
		Debug|Any CPU = Debug|Any CPU
		Release|Any CPU = Release|Any CPU
	EndGlobalSection
	GlobalSection(ProjectConfigurationPlatforms) = postSolution
		{AFA183C7-61C2-4DBA-9955-1360645F1D06}.Debug|Any CPU.ActiveCfg = Debug|Any CPU
		{AFA183C7-61C2-4DBA-9955-1360645F1D06}.Debug|Any CPU.Build.0 = Debug|Any CPU
		{AFA183C7-61C2-4DBA-9955-1360645F1D06}.Release|Any CPU.ActiveCfg = Release|Any CPU
		{AFA183C7-61C2-4DBA-9955-1360645F1D06}.Release|Any CPU.Build.0 = Release|Any CPU
	EndGlobalSection
	GlobalSection(SolutionProperties) = preSolution
		HideSolutionNode = FALSE
	EndGlobalSection
	GlobalSection(ExtensibilityGlobals) = postSolution
		SolutionGuid = {AACC0C6A-7168-4EDD-9081-D0EEFB85E999}
	EndGlobalSection
EndGlobal
